// !$*UTF8*$!
{
	archiveVersion = 1;
	classes = {
	};
	objectVersion = 55;
	objects = {

/* Begin PBXBuildFile section */
		9C06646F287F5FBB00D0BDDF /* CoinDeskResponse.swift in Sources */ = {isa = PBXBuildFile; fileRef = 9C06646E287F5FBB00D0BDDF /* CoinDeskResponse.swift */; };
		9C066471287F647800D0BDDF /* TableViewCellModel.swift in Sources */ = {isa = PBXBuildFile; fileRef = 9C066470287F647800D0BDDF /* TableViewCellModel.swift */; };
		9CDF3546287E0465005ADF7C /* AppDelegate.swift in Sources */ = {isa = PBXBuildFile; fileRef = 9CDF3545287E0465005ADF7C /* AppDelegate.swift */; };
		9CDF3548287E0465005ADF7C /* SceneDelegate.swift in Sources */ = {isa = PBXBuildFile; fileRef = 9CDF3547287E0465005ADF7C /* SceneDelegate.swift */; };
		9CDF354A287E0465005ADF7C /* BitcoinPriceViewController.swift in Sources */ = {isa = PBXBuildFile; fileRef = 9CDF3549287E0465005ADF7C /* BitcoinPriceViewController.swift */; };
		9CDF354F287E046B005ADF7C /* Assets.xcassets in Resources */ = {isa = PBXBuildFile; fileRef = 9CDF354E287E046B005ADF7C /* Assets.xcassets */; };
		9CDF3552287E046B005ADF7C /* LaunchScreen.storyboard in Resources */ = {isa = PBXBuildFile; fileRef = 9CDF3550287E046B005ADF7C /* LaunchScreen.storyboard */; };
		9CDF355A287E056C005ADF7C /* BitcoinPriceViewModel.swift in Sources */ = {isa = PBXBuildFile; fileRef = 9CDF3559287E056C005ADF7C /* BitcoinPriceViewModel.swift */; };
		9CDF355C287E18B8005ADF7C /* TableViewCell.swift in Sources */ = {isa = PBXBuildFile; fileRef = 9CDF355B287E18B7005ADF7C /* TableViewCell.swift */; };
		A166FBB4A345C9CE91E0D25A /* Pods_Bitcoin_Price.framework in Frameworks */ = {isa = PBXBuildFile; fileRef = 9905A872A7A18538D8D73A42 /* Pods_Bitcoin_Price.framework */; };
/* End PBXBuildFile section */

/* Begin PBXFileReference section */
		9905A872A7A18538D8D73A42 /* Pods_Bitcoin_Price.framework */ = {isa = PBXFileReference; explicitFileType = wrapper.framework; includeInIndex = 0; path = Pods_Bitcoin_Price.framework; sourceTree = BUILT_PRODUCTS_DIR; };
		9C06646E287F5FBB00D0BDDF /* CoinDeskResponse.swift */ = {isa = PBXFileReference; lastKnownFileType = sourcecode.swift; path = CoinDeskResponse.swift; sourceTree = "<group>"; };
		9C066470287F647800D0BDDF /* TableViewCellModel.swift */ = {isa = PBXFileReference; lastKnownFileType = sourcecode.swift; path = TableViewCellModel.swift; sourceTree = "<group>"; };
		9CDF3542287E0465005ADF7C /* Bitcoin Price.app */ = {isa = PBXFileReference; explicitFileType = wrapper.application; includeInIndex = 0; path = "Bitcoin Price.app"; sourceTree = BUILT_PRODUCTS_DIR; };
		9CDF3545287E0465005ADF7C /* AppDelegate.swift */ = {isa = PBXFileReference; lastKnownFileType = sourcecode.swift; path = AppDelegate.swift; sourceTree = "<group>"; };
		9CDF3547287E0465005ADF7C /* SceneDelegate.swift */ = {isa = PBXFileReference; lastKnownFileType = sourcecode.swift; path = SceneDelegate.swift; sourceTree = "<group>"; };
		9CDF3549287E0465005ADF7C /* BitcoinPriceViewController.swift */ = {isa = PBXFileReference; lastKnownFileType = sourcecode.swift; path = BitcoinPriceViewController.swift; sourceTree = "<group>"; };
		9CDF354E287E046B005ADF7C /* Assets.xcassets */ = {isa = PBXFileReference; lastKnownFileType = folder.assetcatalog; path = Assets.xcassets; sourceTree = "<group>"; };
		9CDF3551287E046B005ADF7C /* Base */ = {isa = PBXFileReference; lastKnownFileType = file.storyboard; name = Base; path = Base.lproj/LaunchScreen.storyboard; sourceTree = "<group>"; };
		9CDF3553287E046B005ADF7C /* Info.plist */ = {isa = PBXFileReference; lastKnownFileType = text.plist.xml; path = Info.plist; sourceTree = "<group>"; };
		9CDF3559287E056C005ADF7C /* BitcoinPriceViewModel.swift */ = {isa = PBXFileReference; lastKnownFileType = sourcecode.swift; path = BitcoinPriceViewModel.swift; sourceTree = "<group>"; };
		9CDF355B287E18B7005ADF7C /* TableViewCell.swift */ = {isa = PBXFileReference; lastKnownFileType = sourcecode.swift; path = TableViewCell.swift; sourceTree = "<group>"; };
		E21D4FDA786C598828EE66FC /* Pods-Bitcoin Price.release.xcconfig */ = {isa = PBXFileReference; includeInIndex = 1; lastKnownFileType = text.xcconfig; name = "Pods-Bitcoin Price.release.xcconfig"; path = "Target Support Files/Pods-Bitcoin Price/Pods-Bitcoin Price.release.xcconfig"; sourceTree = "<group>"; };
		E44848648E48D7F93FA02AD2 /* Pods-Bitcoin Price.debug.xcconfig */ = {isa = PBXFileReference; includeInIndex = 1; lastKnownFileType = text.xcconfig; name = "Pods-Bitcoin Price.debug.xcconfig"; path = "Target Support Files/Pods-Bitcoin Price/Pods-Bitcoin Price.debug.xcconfig"; sourceTree = "<group>"; };
/* End PBXFileReference section */

/* Begin PBXFrameworksBuildPhase section */
		9CDF353F287E0465005ADF7C /* Frameworks */ = {
			isa = PBXFrameworksBuildPhase;
			buildActionMask = 2147483647;
			files = (
				A166FBB4A345C9CE91E0D25A /* Pods_Bitcoin_Price.framework in Frameworks */,
			);
			runOnlyForDeploymentPostprocessing = 0;
		};
/* End PBXFrameworksBuildPhase section */

/* Begin PBXGroup section */
		56903D63FCD70A7F716BF829 /* Frameworks */ = {
			isa = PBXGroup;
			children = (
				9905A872A7A18538D8D73A42 /* Pods_Bitcoin_Price.framework */,
			);
			name = Frameworks;
			sourceTree = "<group>";
		};
		748A685337D0DBEEADB6A526 /* Pods */ = {
			isa = PBXGroup;
			children = (
				E44848648E48D7F93FA02AD2 /* Pods-Bitcoin Price.debug.xcconfig */,
				E21D4FDA786C598828EE66FC /* Pods-Bitcoin Price.release.xcconfig */,
			);
			path = Pods;
			sourceTree = "<group>";
		};
		9C06646D287F5EDD00D0BDDF /* Model */ = {
			isa = PBXGroup;
			children = (
				9C06646E287F5FBB00D0BDDF /* CoinDeskResponse.swift */,
			);
			path = Model;
			sourceTree = "<group>";
		};
		9CDF3539287E0465005ADF7C = {
			isa = PBXGroup;
			children = (
				9CDF3544287E0465005ADF7C /* Bitcoin Price */,
				9CDF3543287E0465005ADF7C /* Products */,
				748A685337D0DBEEADB6A526 /* Pods */,
				56903D63FCD70A7F716BF829 /* Frameworks */,
			);
			sourceTree = "<group>";
		};
		9CDF3543287E0465005ADF7C /* Products */ = {
			isa = PBXGroup;
			children = (
				9CDF3542287E0465005ADF7C /* Bitcoin Price.app */,
			);
			name = Products;
			sourceTree = "<group>";
		};
		9CDF3544287E0465005ADF7C /* Bitcoin Price */ = {
			isa = PBXGroup;
			children = (
				9CDF3545287E0465005ADF7C /* AppDelegate.swift */,
				9CDF3547287E0465005ADF7C /* SceneDelegate.swift */,
				9C06646D287F5EDD00D0BDDF /* Model */,
				9CDF355D287E1F67005ADF7C /* Cells */,
				9CDF355E287E1FD1005ADF7C /* BitcoinPrice */,
				9CDF354E287E046B005ADF7C /* Assets.xcassets */,
				9CDF3550287E046B005ADF7C /* LaunchScreen.storyboard */,
				9CDF3553287E046B005ADF7C /* Info.plist */,
			);
			path = "Bitcoin Price";
			sourceTree = "<group>";
		};
		9CDF355D287E1F67005ADF7C /* Cells */ = {
			isa = PBXGroup;
			children = (
				9CDF355B287E18B7005ADF7C /* TableViewCell.swift */,
				9C066470287F647800D0BDDF /* TableViewCellModel.swift */,
			);
			path = Cells;
			sourceTree = "<group>";
		};
		9CDF355E287E1FD1005ADF7C /* BitcoinPrice */ = {
			isa = PBXGroup;
			children = (
				9CDF3549287E0465005ADF7C /* BitcoinPriceViewController.swift */,
				9CDF3559287E056C005ADF7C /* BitcoinPriceViewModel.swift */,
			);
			path = BitcoinPrice;
			sourceTree = "<group>";
		};
/* End PBXGroup section */

/* Begin PBXNativeTarget section */
		9CDF3541287E0465005ADF7C /* Bitcoin Price */ = {
			isa = PBXNativeTarget;
			buildConfigurationList = 9CDF3556287E046B005ADF7C /* Build configuration list for PBXNativeTarget "Bitcoin Price" */;
			buildPhases = (
				3CCF0C03115E497D5582F69F /* [CP] Check Pods Manifest.lock */,
				9CDF353E287E0465005ADF7C /* Sources */,
				9CDF353F287E0465005ADF7C /* Frameworks */,
				9CDF3540287E0465005ADF7C /* Resources */,
				155CC876DD031233ADBF9A85 /* [CP] Embed Pods Frameworks */,
			);
			buildRules = (
			);
			dependencies = (
			);
			name = "Bitcoin Price";
			productName = "Bitcoin Price";
			productReference = 9CDF3542287E0465005ADF7C /* Bitcoin Price.app */;
			productType = "com.apple.product-type.application";
		};
/* End PBXNativeTarget section */

/* Begin PBXProject section */
		9CDF353A287E0465005ADF7C /* Project object */ = {
			isa = PBXProject;
			attributes = {
				BuildIndependentTargetsInParallel = 1;
				LastSwiftUpdateCheck = 1340;
				LastUpgradeCheck = 1340;
				TargetAttributes = {
					9CDF3541287E0465005ADF7C = {
						CreatedOnToolsVersion = 13.4.1;
					};
				};
			};
			buildConfigurationList = 9CDF353D287E0465005ADF7C /* Build configuration list for PBXProject "Bitcoin Price" */;
			compatibilityVersion = "Xcode 13.0";
			developmentRegion = en;
			hasScannedForEncodings = 0;
			knownRegions = (
				en,
				Base,
			);
			mainGroup = 9CDF3539287E0465005ADF7C;
			productRefGroup = 9CDF3543287E0465005ADF7C /* Products */;
			projectDirPath = "";
			projectRoot = "";
			targets = (
				9CDF3541287E0465005ADF7C /* Bitcoin Price */,
			);
		};
/* End PBXProject section */

/* Begin PBXResourcesBuildPhase section */
		9CDF3540287E0465005ADF7C /* Resources */ = {
			isa = PBXResourcesBuildPhase;
			buildActionMask = 2147483647;
			files = (
				9CDF3552287E046B005ADF7C /* LaunchScreen.storyboard in Resources */,
				9CDF354F287E046B005ADF7C /* Assets.xcassets in Resources */,
			);
			runOnlyForDeploymentPostprocessing = 0;
		};
/* End PBXResourcesBuildPhase section */

/* Begin PBXShellScriptBuildPhase section */
		155CC876DD031233ADBF9A85 /* [CP] Embed Pods Frameworks */ = {
			isa = PBXShellScriptBuildPhase;
			buildActionMask = 2147483647;
			files = (
			);
			inputFileListPaths = (
				"${PODS_ROOT}/Target Support Files/Pods-Bitcoin Price/Pods-Bitcoin Price-frameworks-${CONFIGURATION}-input-files.xcfilelist",
			);
			name = "[CP] Embed Pods Frameworks";
			outputFileListPaths = (
				"${PODS_ROOT}/Target Support Files/Pods-Bitcoin Price/Pods-Bitcoin Price-frameworks-${CONFIGURATION}-output-files.xcfilelist",
			);
			runOnlyForDeploymentPostprocessing = 0;
			shellPath = /bin/sh;
			shellScript = "\"${PODS_ROOT}/Target Support Files/Pods-Bitcoin Price/Pods-Bitcoin Price-frameworks.sh\"\n";
			showEnvVarsInLog = 0;
		};
		3CCF0C03115E497D5582F69F /* [CP] Check Pods Manifest.lock */ = {
			isa = PBXShellScriptBuildPhase;
			buildActionMask = 2147483647;
			files = (
			);
			inputFileListPaths = (
			);
			inputPaths = (
				"${PODS_PODFILE_DIR_PATH}/Podfile.lock",
				"${PODS_ROOT}/Manifest.lock",
			);
			name = "[CP] Check Pods Manifest.lock";
			outputFileListPaths = (
			);
			outputPaths = (
				"$(DERIVED_FILE_DIR)/Pods-Bitcoin Price-checkManifestLockResult.txt",
			);
			runOnlyForDeploymentPostprocessing = 0;
			shellPath = /bin/sh;
			shellScript = "diff \"${PODS_PODFILE_DIR_PATH}/Podfile.lock\" \"${PODS_ROOT}/Manifest.lock\" > /dev/null\nif [ $? != 0 ] ; then\n    # print error to STDERR\n    echo \"error: The sandbox is not in sync with the Podfile.lock. Run 'pod install' or update your CocoaPods installation.\" >&2\n    exit 1\nfi\n# This output is used by Xcode 'outputs' to avoid re-running this script phase.\necho \"SUCCESS\" > \"${SCRIPT_OUTPUT_FILE_0}\"\n";
			showEnvVarsInLog = 0;
		};
/* End PBXShellScriptBuildPhase section */

/* Begin PBXSourcesBuildPhase section */
		9CDF353E287E0465005ADF7C /* Sources */ = {
			isa = PBXSourcesBuildPhase;
			buildActionMask = 2147483647;
			files = (
				9CDF355C287E18B8005ADF7C /* TableViewCell.swift in Sources */,
				9CDF354A287E0465005ADF7C /* BitcoinPriceViewController.swift in Sources */,
				9CDF3546287E0465005ADF7C /* AppDelegate.swift in Sources */,
				9CDF355A287E056C005ADF7C /* BitcoinPriceViewModel.swift in Sources */,
				9C06646F287F5FBB00D0BDDF /* CoinDeskResponse.swift in Sources */,
				9C066471287F647800D0BDDF /* TableViewCellModel.swift in Sources */,
				9CDF3548287E0465005ADF7C /* SceneDelegate.swift in Sources */,
			);
			runOnlyForDeploymentPostprocessing = 0;
		};
/* End PBXSourcesBuildPhase section */

/* Begin PBXVariantGroup section */
		9CDF3550287E046B005ADF7C /* LaunchScreen.storyboard */ = {
			isa = PBXVariantGroup;
			children = (
				9CDF3551287E046B005ADF7C /* Base */,
			);
			name = LaunchScreen.storyboard;
			sourceTree = "<group>";
		};
/* End PBXVariantGroup section */

/* Begin XCBuildConfiguration section */
		9CDF3554287E046B005ADF7C /* Debug */ = {
			isa = XCBuildConfiguration;
			buildSettings = {
				ALWAYS_SEARCH_USER_PATHS = NO;
				CLANG_ANALYZER_NONNULL = YES;
				CLANG_ANALYZER_NUMBER_OBJECT_CONVERSION = YES_AGGRESSIVE;
				CLANG_CXX_LANGUAGE_STANDARD = "gnu++17";
				CLANG_ENABLE_MODULES = YES;
				CLANG_ENABLE_OBJC_ARC = YES;
				CLANG_ENABLE_OBJC_WEAK = YES;
				CLANG_WARN_BLOCK_CAPTURE_AUTORELEASING = YES;
				CLANG_WARN_BOOL_CONVERSION = YES;
				CLANG_WARN_COMMA = YES;
				CLANG_WARN_CONSTANT_CONVERSION = YES;
				CLANG_WARN_DEPRECATED_OBJC_IMPLEMENTATIONS = YES;
				CLANG_WARN_DIRECT_OBJC_ISA_USAGE = YES_ERROR;
				CLANG_WARN_DOCUMENTATION_COMMENTS = YES;
				CLANG_WARN_EMPTY_BODY = YES;
				CLANG_WARN_ENUM_CONVERSION = YES;
				CLANG_WARN_INFINITE_RECURSION = YES;
				CLANG_WARN_INT_CONVERSION = YES;
				CLANG_WARN_NON_LITERAL_NULL_CONVERSION = YES;
				CLANG_WARN_OBJC_IMPLICIT_RETAIN_SELF = YES;
				CLANG_WARN_OBJC_LITERAL_CONVERSION = YES;
				CLANG_WARN_OBJC_ROOT_CLASS = YES_ERROR;
				CLANG_WARN_QUOTED_INCLUDE_IN_FRAMEWORK_HEADER = YES;
				CLANG_WARN_RANGE_LOOP_ANALYSIS = YES;
				CLANG_WARN_STRICT_PROTOTYPES = YES;
				CLANG_WARN_SUSPICIOUS_MOVE = YES;
				CLANG_WARN_UNGUARDED_AVAILABILITY = YES_AGGRESSIVE;
				CLANG_WARN_UNREACHABLE_CODE = YES;
				CLANG_WARN__DUPLICATE_METHOD_MATCH = YES;
				COPY_PHASE_STRIP = NO;
				DEBUG_INFORMATION_FORMAT = dwarf;
				ENABLE_STRICT_OBJC_MSGSEND = YES;
				ENABLE_TESTABILITY = YES;
				GCC_C_LANGUAGE_STANDARD = gnu11;
				GCC_DYNAMIC_NO_PIC = NO;
				GCC_NO_COMMON_BLOCKS = YES;
				GCC_OPTIMIZATION_LEVEL = 0;
				GCC_PREPROCESSOR_DEFINITIONS = (
					"DEBUG=1",
					"$(inherited)",
				);
				GCC_WARN_64_TO_32_BIT_CONVERSION = YES;
				GCC_WARN_ABOUT_RETURN_TYPE = YES_ERROR;
				GCC_WARN_UNDECLARED_SELECTOR = YES;
				GCC_WARN_UNINITIALIZED_AUTOS = YES_AGGRESSIVE;
				GCC_WARN_UNUSED_FUNCTION = YES;
				GCC_WARN_UNUSED_VARIABLE = YES;
				IPHONEOS_DEPLOYMENT_TARGET = 13.0;
				MTL_ENABLE_DEBUG_INFO = INCLUDE_SOURCE;
				MTL_FAST_MATH = YES;
				ONLY_ACTIVE_ARCH = YES;
				SDKROOT = iphoneos;
				SWIFT_ACTIVE_COMPILATION_CONDITIONS = DEBUG;
				SWIFT_OPTIMIZATION_LEVEL = "-Onone";
			};
			name = Debug;
		};
		9CDF3555287E046B005ADF7C /* Release */ = {
			isa = XCBuildConfiguration;
			buildSettings = {
				ALWAYS_SEARCH_USER_PATHS = NO;
				CLANG_ANALYZER_NONNULL = YES;
				CLANG_ANALYZER_NUMBER_OBJECT_CONVERSION = YES_AGGRESSIVE;
				CLANG_CXX_LANGUAGE_STANDARD = "gnu++17";
				CLANG_ENABLE_MODULES = YES;
				CLANG_ENABLE_OBJC_ARC = YES;
				CLANG_ENABLE_OBJC_WEAK = YES;
				CLANG_WARN_BLOCK_CAPTURE_AUTORELEASING = YES;
				CLANG_WARN_BOOL_CONVERSION = YES;
				CLANG_WARN_COMMA = YES;
				CLANG_WARN_CONSTANT_CONVERSION = YES;
				CLANG_WARN_DEPRECATED_OBJC_IMPLEMENTATIONS = YES;
				CLANG_WARN_DIRECT_OBJC_ISA_USAGE = YES_ERROR;
				CLANG_WARN_DOCUMENTATION_COMMENTS = YES;
				CLANG_WARN_EMPTY_BODY = YES;
				CLANG_WARN_ENUM_CONVERSION = YES;
				CLANG_WARN_INFINITE_RECURSION = YES;
				CLANG_WARN_INT_CONVERSION = YES;
				CLANG_WARN_NON_LITERAL_NULL_CONVERSION = YES;
				CLANG_WARN_OBJC_IMPLICIT_RETAIN_SELF = YES;
				CLANG_WARN_OBJC_LITERAL_CONVERSION = YES;
				CLANG_WARN_OBJC_ROOT_CLASS = YES_ERROR;
				CLANG_WARN_QUOTED_INCLUDE_IN_FRAMEWORK_HEADER = YES;
				CLANG_WARN_RANGE_LOOP_ANALYSIS = YES;
				CLANG_WARN_STRICT_PROTOTYPES = YES;
				CLANG_WARN_SUSPICIOUS_MOVE = YES;
				CLANG_WARN_UNGUARDED_AVAILABILITY = YES_AGGRESSIVE;
				CLANG_WARN_UNREACHABLE_CODE = YES;
				CLANG_WARN__DUPLICATE_METHOD_MATCH = YES;
				COPY_PHASE_STRIP = NO;
				DEBUG_INFORMATION_FORMAT = "dwarf-with-dsym";
				ENABLE_NS_ASSERTIONS = NO;
				ENABLE_STRICT_OBJC_MSGSEND = YES;
				GCC_C_LANGUAGE_STANDARD = gnu11;
				GCC_NO_COMMON_BLOCKS = YES;
				GCC_WARN_64_TO_32_BIT_CONVERSION = YES;
				GCC_WARN_ABOUT_RETURN_TYPE = YES_ERROR;
				GCC_WARN_UNDECLARED_SELECTOR = YES;
				GCC_WARN_UNINITIALIZED_AUTOS = YES_AGGRESSIVE;
				GCC_WARN_UNUSED_FUNCTION = YES;
				GCC_WARN_UNUSED_VARIABLE = YES;
				IPHONEOS_DEPLOYMENT_TARGET = 13.0;
				MTL_ENABLE_DEBUG_INFO = NO;
				MTL_FAST_MATH = YES;
				SDKROOT = iphoneos;
				SWIFT_COMPILATION_MODE = wholemodule;
				SWIFT_OPTIMIZATION_LEVEL = "-O";
				VALIDATE_PRODUCT = YES;
			};
			name = Release;
		};
		9CDF3557287E046B005ADF7C /* Debug */ = {
			isa = XCBuildConfiguration;
			baseConfigurationReference = E44848648E48D7F93FA02AD2 /* Pods-Bitcoin Price.debug.xcconfig */;
			buildSettings = {
				ASSETCATALOG_COMPILER_APPICON_NAME = AppIcon;
				ASSETCATALOG_COMPILER_GLOBAL_ACCENT_COLOR_NAME = AccentColor;
				CODE_SIGN_STYLE = Automatic;
				CURRENT_PROJECT_VERSION = 1;
				DEVELOPMENT_TEAM = 9M7WKZBC84;
				GENERATE_INFOPLIST_FILE = YES;
				INFOPLIST_FILE = "Bitcoin Price/Info.plist";
				INFOPLIST_KEY_UIApplicationSupportsIndirectInputEvents = YES;
				INFOPLIST_KEY_UILaunchStoryboardName = LaunchScreen;
				INFOPLIST_KEY_UISupportedInterfaceOrientations_iPad = "UIInterfaceOrientationPortrait UIInterfaceOrientationPortraitUpsideDown UIInterfaceOrientationLandscapeLeft UIInterfaceOrientationLandscapeRight";
				INFOPLIST_KEY_UISupportedInterfaceOrientations_iPhone = "UIInterfaceOrientationPortrait UIInterfaceOrientationLandscapeLeft UIInterfaceOrientationLandscapeRight";
				IPHONEOS_DEPLOYMENT_TARGET = 13.0;
				LD_RUNPATH_SEARCH_PATHS = (
					"$(inherited)",
					"@executable_path/Frameworks",
				);
				MARKETING_VERSION = 1.0;
				PRODUCT_BUNDLE_IDENTIFIER = "com.ibrahimkultepe.Bitcoin-Price";
				PRODUCT_NAME = "$(TARGET_NAME)";
				SWIFT_EMIT_LOC_STRINGS = YES;
				SWIFT_VERSION = 5.0;
				TARGETED_DEVICE_FAMILY = "1,2";
			};
			name = Debug;
		};
		9CDF3558287E046B005ADF7C /* Release */ = {
			isa = XCBuildConfiguration;
			baseConfigurationReference = E21D4FDA786C598828EE66FC /* Pods-Bitcoin Price.release.xcconfig */;
			buildSettings = {
				ASSETCATALOG_COMPILER_APPICON_NAME = AppIcon;
				ASSETCATALOG_COMPILER_GLOBAL_ACCENT_COLOR_NAME = AccentColor;
				CODE_SIGN_STYLE = Automatic;
				CURRENT_PROJECT_VERSION = 1;
				DEVELOPMENT_TEAM = 9M7WKZBC84;
				GENERATE_INFOPLIST_FILE = YES;
				INFOPLIST_FILE = "Bitcoin Price/Info.plist";
				INFOPLIST_KEY_UIApplicationSupportsIndirectInputEvents = YES;
				INFOPLIST_KEY_UILaunchStoryboardName = LaunchScreen;
				INFOPLIST_KEY_UISupportedInterfaceOrientations_iPad = "UIInterfaceOrientationPortrait UIInterfaceOrientationPortraitUpsideDown UIInterfaceOrientationLandscapeLeft UIInterfaceOrientationLandscapeRight";
				INFOPLIST_KEY_UISupportedInterfaceOrientations_iPhone = "UIInterfaceOrientationPortrait UIInterfaceOrientationLandscapeLeft UIInterfaceOrientationLandscapeRight";
				IPHONEOS_DEPLOYMENT_TARGET = 13.0;
				LD_RUNPATH_SEARCH_PATHS = (
					"$(inherited)",
					"@executable_path/Frameworks",
				);
				MARKETING_VERSION = 1.0;
				PRODUCT_BUNDLE_IDENTIFIER = "com.ibrahimkultepe.Bitcoin-Price";
				PRODUCT_NAME = "$(TARGET_NAME)";
				SWIFT_EMIT_LOC_STRINGS = YES;
				SWIFT_VERSION = 5.0;
				TARGETED_DEVICE_FAMILY = "1,2";
			};
			name = Release;
		};
/* End XCBuildConfiguration section */

/* Begin XCConfigurationList section */
		9CDF353D287E0465005ADF7C /* Build configuration list for PBXProject "Bitcoin Price" */ = {
			isa = XCConfigurationList;
			buildConfigurations = (
				9CDF3554287E046B005ADF7C /* Debug */,
				9CDF3555287E046B005ADF7C /* Release */,
			);
			defaultConfigurationIsVisible = 0;
			defaultConfigurationName = Release;
		};
		9CDF3556287E046B005ADF7C /* Build configuration list for PBXNativeTarget "Bitcoin Price" */ = {
			isa = XCConfigurationList;
			buildConfigurations = (
				9CDF3557287E046B005ADF7C /* Debug */,
				9CDF3558287E046B005ADF7C /* Release */,
			);
			defaultConfigurationIsVisible = 0;
			defaultConfigurationName = Release;
		};
/* End XCConfigurationList section */
	};
	rootObject = 9CDF353A287E0465005ADF7C /* Project object */;
}
